
Microsoft Visual Studio Solution File, Format Version 12.00
# Visual Studio Version 16
VisualStudioVersion = 16.0.32413.511
MinimumVisualStudioVersion = 10.0.40219.1
Project("{FAE04EC0-301F-11D3-BF4B-00C04F79EFBC}") = "CoreProject", "CoreProject.csproj", "{20A8C2F8-F0A3-47F7-BA00-5474F7464691}"
EndProject
Global
	GlobalSection(SolutionConfigurationPlatforms) = preSolution
		Debug|Any CPU = Debug|Any CPU
		Release|Any CPU = Release|Any CPU
	EndGlobalSection
	GlobalSection(ProjectConfigurationPlatforms) = postSolution
		{20A8C2F8-F0A3-47F7-BA00-5474F7464691}.Debug|Any CPU.ActiveCfg = Debug|Any CPU
		{20A8C2F8-F0A3-47F7-BA00-5474F7464691}.Debug|Any CPU.Build.0 = Debug|Any CPU
		{20A8C2F8-F0A3-47F7-BA00-5474F7464691}.Release|Any CPU.ActiveCfg = Release|Any CPU
		{20A8C2F8-F0A3-47F7-BA00-5474F7464691}.Release|Any CPU.Build.0 = Release|Any CPU
	EndGlobalSection
	GlobalSection(SolutionProperties) = preSolution
		HideSolutionNode = FALSE
	EndGlobalSection
	GlobalSection(ExtensibilityGlobals) = postSolution
		SolutionGuid = {5A718754-D880-4758-A1E7-3AAFDEAC3F7B}
	EndGlobalSection
EndGlobal
